# @generated by Move, please check-in and do not edit manually.

[move]
version = 3
manifest_digest = "34628678B10429FE2AE85F7A8BEAC2A09756E7970E6F9E4770E0E68337238C29"
deps_digest = "F8BBB0CCB2491CA29A3DF03D6F92277A4F3574266507ACD77214D37ECA3F3082"
dependencies = [
  { id = "Sui", name = "Sui" },
]

[[move.package]]
id = "MoveStdlib"
source = { git = "https://github.com/MystenLabs/sui.git", rev = "framework/testnet", subdir = "crates/sui-framework/packages/move-stdlib" }

[[move.package]]
id = "Sui"
source = { git = "https://github.com/MystenLabs/sui.git", rev = "framework/testnet", subdir = "crates/sui-framework/packages/sui-framework" }

dependencies = [
  { id = "MoveStdlib", name = "MoveStdlib" },
]

[move.toolchain-version]
compiler-version = "1.52.1"
edition = "2024.beta"
flavor = "sui"

[env]

[env.testnet]
chain-id = "4c78adac"
original-published-id = "0x8ae048bb8bc3bb081d877008c54ca8626709eff6c4bf7ab04883c2d91f358aed"
latest-published-id = "0x8ae048bb8bc3bb081d877008c54ca8626709eff6c4bf7ab04883c2d91f358aed"
published-version = "1"
